
Microsoft Visual Studio Solution File, Format Version 12.00
# Visual Studio Version 17
VisualStudioVersion = 17.9.34607.119
MinimumVisualStudioVersion = 10.0.40219.1
Project("{9A19103F-16F7-4668-BE54-9A1E7A4F7556}") = "DAL", "DAL\DAL.csproj", "{B63C9496-178E-4D64-8EF1-7ACAC5D2BBCF}"
EndProject
Project("{9A19103F-16F7-4668-BE54-9A1E7A4F7556}") = "BLL", "BLL\BLL.csproj", "{B3A0E58D-9ECE-4D24-88C7-BA1E89778687}"
EndProject
Project("{9A19103F-16F7-4668-BE54-9A1E7A4F7556}") = "WebSite", "WebSite\WebSite.csproj", "{4DE108E8-0164-426C-AC22-3A47A100A263}"
EndProject
Project("{9A19103F-16F7-4668-BE54-9A1E7A4F7556}") = "Models", "Models\Models.csproj", "{C4355EF7-596F-4FB8-9E5F-90E67FAAD3FA}"
EndProject
Project("{FAE04EC0-301F-11D3-BF4B-00C04F79EFBC}") = "Admin", "Admin\Admin.csproj", "{44A25837-5B1D-4F0F-B5DE-770151632C37}"
EndProject
Global
	GlobalSection(SolutionConfigurationPlatforms) = preSolution
		Debug|Any CPU = Debug|Any CPU
		Release|Any CPU = Release|Any CPU
	EndGlobalSection
	GlobalSection(ProjectConfigurationPlatforms) = postSolution
		{B63C9496-178E-4D64-8EF1-7ACAC5D2BBCF}.Debug|Any CPU.ActiveCfg = Debug|Any CPU
		{B63C9496-178E-4D64-8EF1-7ACAC5D2BBCF}.Debug|Any CPU.Build.0 = Debug|Any CPU
		{B63C9496-178E-4D64-8EF1-7ACAC5D2BBCF}.Release|Any CPU.ActiveCfg = Release|Any CPU
		{B63C9496-178E-4D64-8EF1-7ACAC5D2BBCF}.Release|Any CPU.Build.0 = Release|Any CPU
		{B3A0E58D-9ECE-4D24-88C7-BA1E89778687}.Debug|Any CPU.ActiveCfg = Debug|Any CPU
		{B3A0E58D-9ECE-4D24-88C7-BA1E89778687}.Debug|Any CPU.Build.0 = Debug|Any CPU
		{B3A0E58D-9ECE-4D24-88C7-BA1E89778687}.Release|Any CPU.ActiveCfg = Release|Any CPU
		{B3A0E58D-9ECE-4D24-88C7-BA1E89778687}.Release|Any CPU.Build.0 = Release|Any CPU
		{4DE108E8-0164-426C-AC22-3A47A100A263}.Debug|Any CPU.ActiveCfg = Debug|Any CPU
		{4DE108E8-0164-426C-AC22-3A47A100A263}.Debug|Any CPU.Build.0 = Debug|Any CPU
		{4DE108E8-0164-426C-AC22-3A47A100A263}.Release|Any CPU.ActiveCfg = Release|Any CPU
		{4DE108E8-0164-426C-AC22-3A47A100A263}.Release|Any CPU.Build.0 = Release|Any CPU
		{C4355EF7-596F-4FB8-9E5F-90E67FAAD3FA}.Debug|Any CPU.ActiveCfg = Debug|Any CPU
		{C4355EF7-596F-4FB8-9E5F-90E67FAAD3FA}.Debug|Any CPU.Build.0 = Debug|Any CPU
		{C4355EF7-596F-4FB8-9E5F-90E67FAAD3FA}.Release|Any CPU.ActiveCfg = Release|Any CPU
		{C4355EF7-596F-4FB8-9E5F-90E67FAAD3FA}.Release|Any CPU.Build.0 = Release|Any CPU
		{44A25837-5B1D-4F0F-B5DE-770151632C37}.Debug|Any CPU.ActiveCfg = Debug|Any CPU
		{44A25837-5B1D-4F0F-B5DE-770151632C37}.Debug|Any CPU.Build.0 = Debug|Any CPU
		{44A25837-5B1D-4F0F-B5DE-770151632C37}.Release|Any CPU.ActiveCfg = Release|Any CPU
		{44A25837-5B1D-4F0F-B5DE-770151632C37}.Release|Any CPU.Build.0 = Release|Any CPU
	EndGlobalSection
	GlobalSection(SolutionProperties) = preSolution
		HideSolutionNode = FALSE
	EndGlobalSection
	GlobalSection(ExtensibilityGlobals) = postSolution
		SolutionGuid = {89D0847E-A460-4810-81DF-D6712FC44C35}
	EndGlobalSection
EndGlobal
